
Microsoft Visual Studio Solution File, Format Version 12.00
# Visual Studio 15
VisualStudioVersion = 15.0.28307.757
MinimumVisualStudioVersion = 10.0.40219.1
Project("{FAE04EC0-301F-11D3-BF4B-00C04F79EFBC}") = "Senai.Filmes.WebApi", "Senai.Filmes.WebApi\Senai.Filmes.WebApi.csproj", "{4064A9A2-BBFE-4F4C-B7DD-3173DF318090}"
EndProject
Global
	GlobalSection(SolutionConfigurationPlatforms) = preSolution
		Debug|Any CPU = Debug|Any CPU
		Release|Any CPU = Release|Any CPU
	EndGlobalSection
	GlobalSection(ProjectConfigurationPlatforms) = postSolution
		{4064A9A2-BBFE-4F4C-B7DD-3173DF318090}.Debug|Any CPU.ActiveCfg = Debug|Any CPU
		{4064A9A2-BBFE-4F4C-B7DD-3173DF318090}.Debug|Any CPU.Build.0 = Debug|Any CPU
		{4064A9A2-BBFE-4F4C-B7DD-3173DF318090}.Release|Any CPU.ActiveCfg = Release|Any CPU
		{4064A9A2-BBFE-4F4C-B7DD-3173DF318090}.Release|Any CPU.Build.0 = Release|Any CPU
	EndGlobalSection
	GlobalSection(SolutionProperties) = preSolution
		HideSolutionNode = FALSE
	EndGlobalSection
	GlobalSection(ExtensibilityGlobals) = postSolution
		SolutionGuid = {61BC8175-BCDE-46F8-9618-1E7F0302A43E}
	EndGlobalSection
EndGlobal
