
Microsoft Visual Studio Solution File, Format Version 12.00
# Visual Studio 15
VisualStudioVersion = 15.0.28307.757
MinimumVisualStudioVersion = 10.0.40219.1
Project("{FAE04EC0-301F-11D3-BF4B-00C04F79EFBC}") = "Senai.OpFlix.WebApi", "Senai.OpFlix.WebApi\Senai.OpFlix.WebApi.csproj", "{F1228611-997E-459C-B0CC-54FBEE737812}"
EndProject
Global
	GlobalSection(SolutionConfigurationPlatforms) = preSolution
		Debug|Any CPU = Debug|Any CPU
		Release|Any CPU = Release|Any CPU
	EndGlobalSection
	GlobalSection(ProjectConfigurationPlatforms) = postSolution
		{F1228611-997E-459C-B0CC-54FBEE737812}.Debug|Any CPU.ActiveCfg = Debug|Any CPU
		{F1228611-997E-459C-B0CC-54FBEE737812}.Debug|Any CPU.Build.0 = Debug|Any CPU
		{F1228611-997E-459C-B0CC-54FBEE737812}.Release|Any CPU.ActiveCfg = Release|Any CPU
		{F1228611-997E-459C-B0CC-54FBEE737812}.Release|Any CPU.Build.0 = Release|Any CPU
	EndGlobalSection
	GlobalSection(SolutionProperties) = preSolution
		HideSolutionNode = FALSE
	EndGlobalSection
	GlobalSection(ExtensibilityGlobals) = postSolution
		SolutionGuid = {21ED4127-C934-43DE-AB61-E1DBEBE2B661}
	EndGlobalSection
EndGlobal
